
Microsoft Visual Studio Solution File, Format Version 12.00
# Visual Studio Version 16
VisualStudioVersion = 16.0.30804.86
MinimumVisualStudioVersion = 10.0.40219.1
Project("{9A19103F-16F7-4668-BE54-9A1E7A4F7556}") = "Pyramid.UI", "Pyramid.UI\Pyramid.UI.csproj", "{35778950-7015-4680-A75C-83A118BD1FF5}"
EndProject
Project("{9A19103F-16F7-4668-BE54-9A1E7A4F7556}") = "Pyramid.Core", "Pyramid.Core\Pyramid.Core.csproj", "{7F8AABBF-77C7-43E3-A75F-BE0CDC33B178}"
EndProject
Project("{9A19103F-16F7-4668-BE54-9A1E7A4F7556}") = "Pyramid.Test", "Pyramid.Test\Pyramid.Test.csproj", "{8A8965AA-CE71-4C22-BCF3-677C565B795E}"
EndProject
Project("{9A19103F-16F7-4668-BE54-9A1E7A4F7556}") = "Pyramid.Business", "Pyramid.Business\Pyramid.Business.csproj", "{844CB7E7-4371-4D15-BC70-97BB51E07262}"
EndProject
Project("{FAE04EC0-301F-11D3-BF4B-00C04F79EFBC}") = "Pyramid.Data", "Pyramid.Data\Pyramid.Data.csproj", "{7D20BC8F-071B-40A9-AE3E-FE3EA4F4BBFD}"
EndProject
Global
	GlobalSection(SolutionConfigurationPlatforms) = preSolution
		Debug|Any CPU = Debug|Any CPU
		Release|Any CPU = Release|Any CPU
	EndGlobalSection
	GlobalSection(ProjectConfigurationPlatforms) = postSolution
		{35778950-7015-4680-A75C-83A118BD1FF5}.Debug|Any CPU.ActiveCfg = Debug|Any CPU
		{35778950-7015-4680-A75C-83A118BD1FF5}.Debug|Any CPU.Build.0 = Debug|Any CPU
		{35778950-7015-4680-A75C-83A118BD1FF5}.Release|Any CPU.ActiveCfg = Release|Any CPU
		{35778950-7015-4680-A75C-83A118BD1FF5}.Release|Any CPU.Build.0 = Release|Any CPU
		{7F8AABBF-77C7-43E3-A75F-BE0CDC33B178}.Debug|Any CPU.ActiveCfg = Debug|Any CPU
		{7F8AABBF-77C7-43E3-A75F-BE0CDC33B178}.Debug|Any CPU.Build.0 = Debug|Any CPU
		{7F8AABBF-77C7-43E3-A75F-BE0CDC33B178}.Release|Any CPU.ActiveCfg = Release|Any CPU
		{7F8AABBF-77C7-43E3-A75F-BE0CDC33B178}.Release|Any CPU.Build.0 = Release|Any CPU
		{8A8965AA-CE71-4C22-BCF3-677C565B795E}.Debug|Any CPU.ActiveCfg = Debug|Any CPU
		{8A8965AA-CE71-4C22-BCF3-677C565B795E}.Debug|Any CPU.Build.0 = Debug|Any CPU
		{8A8965AA-CE71-4C22-BCF3-677C565B795E}.Release|Any CPU.ActiveCfg = Release|Any CPU
		{8A8965AA-CE71-4C22-BCF3-677C565B795E}.Release|Any CPU.Build.0 = Release|Any CPU
		{844CB7E7-4371-4D15-BC70-97BB51E07262}.Debug|Any CPU.ActiveCfg = Debug|Any CPU
		{844CB7E7-4371-4D15-BC70-97BB51E07262}.Debug|Any CPU.Build.0 = Debug|Any CPU
		{844CB7E7-4371-4D15-BC70-97BB51E07262}.Release|Any CPU.ActiveCfg = Release|Any CPU
		{844CB7E7-4371-4D15-BC70-97BB51E07262}.Release|Any CPU.Build.0 = Release|Any CPU
		{7D20BC8F-071B-40A9-AE3E-FE3EA4F4BBFD}.Debug|Any CPU.ActiveCfg = Debug|Any CPU
		{7D20BC8F-071B-40A9-AE3E-FE3EA4F4BBFD}.Debug|Any CPU.Build.0 = Debug|Any CPU
		{7D20BC8F-071B-40A9-AE3E-FE3EA4F4BBFD}.Release|Any CPU.ActiveCfg = Release|Any CPU
		{7D20BC8F-071B-40A9-AE3E-FE3EA4F4BBFD}.Release|Any CPU.Build.0 = Release|Any CPU
	EndGlobalSection
	GlobalSection(SolutionProperties) = preSolution
		HideSolutionNode = FALSE
	EndGlobalSection
	GlobalSection(ExtensibilityGlobals) = postSolution
		SolutionGuid = {49640B48-2C03-4C09-B5BA-F1419ECFE20E}
	EndGlobalSection
EndGlobal
